{
  "originHash" : "a16b1b657ae2a4a15831b889d653a4126a5a417c9ef0eae04bb11283569b90c9",
  "pins" : [
    {
      "identity" : "cryptoswiftwrapper",
      "kind" : "remoteSourceControl",
      "location" : "https://github.com/ScribbleLabApp/CryptoSwiftWrapper.git",
      "state" : {
        "revision" : "975f6abf48df27a5974dc6ae58ad0b1f8187043e",
        "version" : "0.1.0-beta.2"
      }
    },
    {
      "identity" : "swift-crypto",
      "kind" : "remoteSourceControl",
      "location" : "https://github.com/apple/swift-crypto.git",
      "state" : {
        "revision" : "46072478ca365fe48370993833cb22de9b41567f",
        "version" : "3.5.2"
      }
    }
  ],
  "version" : 3
}
