// !$*UTF8*$!
{
	archiveVersion = 1;
	classes = {
	};
	objectVersion = 46;
	objects = {

/* Begin PBXAggregateTarget section */
		BD3471C208124358825B5C8D /* ALL_BUILD */ = {
			isa = PBXAggregateTarget;
			buildConfigurationList = 9DF4FA575BFA49B8B57E7852 /* Build configuration list for PBXAggregateTarget "ALL_BUILD" */;
			buildPhases = (
				2C96021F91447E838BB7CF21 /* Generate CMakeFiles/ALL_BUILD */,
			);
			dependencies = (
				FF11CDB41C1E43738F8D190C /* PBXTargetDependency */,
				325AD309A5A9442F9529210F /* PBXTargetDependency */,
			);
			name = ALL_BUILD;
			productName = ALL_BUILD;
		};
		F5F656C157214351BC65A7B0 /* ZERO_CHECK */ = {
			isa = PBXAggregateTarget;
			buildConfigurationList = 65FEE9892CCA44129FA88301 /* Build configuration list for PBXAggregateTarget "ZERO_CHECK" */;
			buildPhases = (
				5947C08A9644C867EC0B04A1 /* Generate CMakeFiles/ZERO_CHECK */,
			);
			dependencies = (
			);
			name = ZERO_CHECK;
			productName = ZERO_CHECK;
		};
/* End PBXAggregateTarget section */

/* Begin PBXBuildFile section */
		0DAEBB99947A4A819D1CAD30 /* /Users/neviohirani/Developer/Projects/SLLibaries/SFFileManagementKit/Sources/_SFUtils/CMakeFiles/3.29.3/CompilerIdCXX/CMakeCXXCompilerId.cpp */ = {isa = PBXBuildFile; fileRef = DE440BBBA0C24E3BAFA55A74 /* /Users/neviohirani/Developer/Projects/SLLibaries/SFFileManagementKit/Sources/_SFUtils/CMakeFiles/3.29.3/CompilerIdCXX/CMakeCXXCompilerId.cpp */; };
		116DA36ED1144C58BFFB499C /* /Users/neviohirani/Developer/Projects/SLLibaries/SFFileManagementKit/Sources/_SFUtils/SFCxxJSON.cpp */ = {isa = PBXBuildFile; fileRef = 138EF2152083442085CEBA65 /* /Users/neviohirani/Developer/Projects/SLLibaries/SFFileManagementKit/Sources/_SFUtils/SFCxxJSON.cpp */; };
		2B58738C68E2412E9EEC2C92 /* /Users/neviohirani/Developer/Projects/SLLibaries/SFFileManagementKit/Sources/_SFUtils/include/SFCxxJSON.h */ = {isa = PBXBuildFile; fileRef = AF936D241D874004A422EED7 /* /Users/neviohirani/Developer/Projects/SLLibaries/SFFileManagementKit/Sources/_SFUtils/include/SFCxxJSON.h */; };
		3C6110A835BC418F9717E566 /* /Users/neviohirani/Developer/Projects/SLLibaries/SFFileManagementKit/Sources/_SFUtils/CMakeLists.txt */ = {isa = PBXBuildFile; fileRef = E75B97D85C54402F8393D6B1 /* /Users/neviohirani/Developer/Projects/SLLibaries/SFFileManagementKit/Sources/_SFUtils/CMakeLists.txt */; };
		8260E745EEE844DE82F33D25 /* /Users/neviohirani/Developer/Projects/SLLibaries/SFFileManagementKit/Sources/_SFUtils/include/SFCxxBase64.h */ = {isa = PBXBuildFile; fileRef = A9F37AEB093B45EF9E29F972 /* /Users/neviohirani/Developer/Projects/SLLibaries/SFFileManagementKit/Sources/_SFUtils/include/SFCxxBase64.h */; };
		CF7F296862B846BBA1A4A1A8 /* /Users/neviohirani/Developer/Projects/SLLibaries/SFFileManagementKit/Sources/_SFUtils/SFCxxBase64.cpp */ = {isa = PBXBuildFile; fileRef = C805B9A4D74745F1BEC1A129 /* /Users/neviohirani/Developer/Projects/SLLibaries/SFFileManagementKit/Sources/_SFUtils/SFCxxBase64.cpp */; };
		DE6351F2CD8D4807BC957061 /* /Users/neviohirani/Developer/Projects/SLLibaries/SFFileManagementKit/Sources/_SFUtils/include/SFCxxLogger.h */ = {isa = PBXBuildFile; fileRef = 3E34E5F940B74763931BE7D9 /* /Users/neviohirani/Developer/Projects/SLLibaries/SFFileManagementKit/Sources/_SFUtils/include/SFCxxLogger.h */; };
/* End PBXBuildFile section */

/* Begin PBXBuildStyle section */
		2FBFDF4C1B304C749EB16E5E /* MinSizeRel */ = {
			isa = PBXBuildStyle;
			buildSettings = {
				COPY_PHASE_STRIP = NO;
			};
			name = MinSizeRel;
		};
		4E04E6A1D6664AD4A69230E4 /* Debug */ = {
			isa = PBXBuildStyle;
			buildSettings = {
				COPY_PHASE_STRIP = NO;
			};
			name = Debug;
		};
		5EB8A6D3B16A4983A512D54D /* Release */ = {
			isa = PBXBuildStyle;
			buildSettings = {
				COPY_PHASE_STRIP = NO;
			};
			name = Release;
		};
		B2BB23CB54CD45C1AD58D921 /* RelWithDebInfo */ = {
			isa = PBXBuildStyle;
			buildSettings = {
				COPY_PHASE_STRIP = NO;
			};
			name = RelWithDebInfo;
		};
/* End PBXBuildStyle section */

/* Begin PBXContainerItemProxy section */
		05DF252C58A1475A9C580AE7 /* PBXContainerItemProxy */ = {
			isa = PBXContainerItemProxy;
			containerPortal = 6F7B7C88E90E4348B6484693 /* Project object */;
			proxyType = 1;
			remoteGlobalIDString = F5F656C157214351BC65A7B0;
			remoteInfo = ZERO_CHECK;
		};
		31D9C0BC3FC24AD2BF45CD84 /* PBXContainerItemProxy */ = {
			isa = PBXContainerItemProxy;
			containerPortal = 6F7B7C88E90E4348B6484693 /* Project object */;
			proxyType = 1;
			remoteGlobalIDString = B666F41FBAF1492FA68DD733;
			remoteInfo = SFUtils;
		};
		45165091F9BB47F39BBDCDED /* PBXContainerItemProxy */ = {
			isa = PBXContainerItemProxy;
			containerPortal = 6F7B7C88E90E4348B6484693 /* Project object */;
			proxyType = 1;
			remoteGlobalIDString = F5F656C157214351BC65A7B0;
			remoteInfo = ZERO_CHECK;
		};
/* End PBXContainerItemProxy section */

/* Begin PBXFileReference section */
		138EF2152083442085CEBA65 /* /Users/neviohirani/Developer/Projects/SLLibaries/SFFileManagementKit/Sources/_SFUtils/SFCxxJSON.cpp */ = {isa = PBXFileReference; explicitFileType = sourcecode.cpp.cpp; fileEncoding = 4; name = SFCxxJSON.cpp; path = SFCxxJSON.cpp; sourceTree = SOURCE_ROOT; };
		3E34E5F940B74763931BE7D9 /* /Users/neviohirani/Developer/Projects/SLLibaries/SFFileManagementKit/Sources/_SFUtils/include/SFCxxLogger.h */ = {isa = PBXFileReference; explicitFileType = sourcecode.c.h; fileEncoding = 4; name = SFCxxLogger.h; path = include/SFCxxLogger.h; sourceTree = SOURCE_ROOT; };
		A9F37AEB093B45EF9E29F972 /* /Users/neviohirani/Developer/Projects/SLLibaries/SFFileManagementKit/Sources/_SFUtils/include/SFCxxBase64.h */ = {isa = PBXFileReference; explicitFileType = sourcecode.c.h; fileEncoding = 4; name = SFCxxBase64.h; path = include/SFCxxBase64.h; sourceTree = SOURCE_ROOT; };
		AF936D241D874004A422EED7 /* /Users/neviohirani/Developer/Projects/SLLibaries/SFFileManagementKit/Sources/_SFUtils/include/SFCxxJSON.h */ = {isa = PBXFileReference; explicitFileType = sourcecode.c.h; fileEncoding = 4; name = SFCxxJSON.h; path = include/SFCxxJSON.h; sourceTree = SOURCE_ROOT; };
		BC2CE4718F724FE4A1B2460E /* /Users/neviohirani/Developer/Projects/SLLibaries/SFFileManagementKit/Sources/_SFUtils/CMakeLists.txt */ = {isa = PBXFileReference; explicitFileType = sourcecode.text; fileEncoding = 4; name = CMakeLists.txt; path = CMakeLists.txt; sourceTree = SOURCE_ROOT; };
		C805B9A4D74745F1BEC1A129 /* /Users/neviohirani/Developer/Projects/SLLibaries/SFFileManagementKit/Sources/_SFUtils/SFCxxBase64.cpp */ = {isa = PBXFileReference; explicitFileType = sourcecode.cpp.cpp; fileEncoding = 4; name = SFCxxBase64.cpp; path = SFCxxBase64.cpp; sourceTree = SOURCE_ROOT; };
		DE440BBBA0C24E3BAFA55A74 /* /Users/neviohirani/Developer/Projects/SLLibaries/SFFileManagementKit/Sources/_SFUtils/CMakeFiles/3.29.3/CompilerIdCXX/CMakeCXXCompilerId.cpp */ = {isa = PBXFileReference; explicitFileType = sourcecode.cpp.cpp; fileEncoding = 4; name = CMakeCXXCompilerId.cpp; path = CMakeFiles/3.29.3/CompilerIdCXX/CMakeCXXCompilerId.cpp; sourceTree = SOURCE_ROOT; };
		E75B97D85C54402F8393D6B1 /* /Users/neviohirani/Developer/Projects/SLLibaries/SFFileManagementKit/Sources/_SFUtils/CMakeLists.txt */ = {isa = PBXFileReference; explicitFileType = sourcecode.text; fileEncoding = 4; name = CMakeLists.txt; path = CMakeLists.txt; sourceTree = SOURCE_ROOT; };
		ECBFF23AE3C247BC856512B2 /* SFUtils */ = {isa = PBXFileReference; explicitFileType = archive.ar; path = libSFUtils.a; sourceTree = BUILT_PRODUCTS_DIR; };
/* End PBXFileReference section */

/* Begin PBXFrameworksBuildPhase section */
		9C8C8A2A6CC54C35B9F1816E /* Frameworks */ = {
			isa = PBXFrameworksBuildPhase;
			buildActionMask = 2147483647;
			files = (
			);
			runOnlyForDeploymentPostprocessing = 0;
		};
/* End PBXFrameworksBuildPhase section */

/* Begin PBXGroup section */
		118C220CE9E447139F872EDA /* CMake Rules */ = {
			isa = PBXGroup;
			children = (
			);
			name = "CMake Rules";
			sourceTree = "<group>";
		};
		1C2E17FEA7AD4C0D9AEEFE19 /* Resources */ = {
			isa = PBXGroup;
			children = (
			);
			name = Resources;
			sourceTree = "<group>";
		};
		330EF019941A422E84D62970 = {
			isa = PBXGroup;
			children = (
				7C71A72104324674AD8C8D6E /* SFUtils */,
				370CB0EE291B4A5795E8A654 /* ALL_BUILD */,
				E7A8F268F26A42C5A9A89A49 /* Products */,
				D4296D669D6C4C7C930A168C /* Frameworks */,
				1C2E17FEA7AD4C0D9AEEFE19 /* Resources */,
			);
			sourceTree = "<group>";
		};
		370CB0EE291B4A5795E8A654 /* ALL_BUILD */ = {
			isa = PBXGroup;
			children = (
				118C220CE9E447139F872EDA /* CMake Rules */,
				BC2CE4718F724FE4A1B2460E /* /Users/neviohirani/Developer/Projects/SLLibaries/SFFileManagementKit/Sources/_SFUtils/CMakeLists.txt */,
			);
			name = ALL_BUILD;
			sourceTree = "<group>";
		};
		39547757A5B346E0B7A28538 /* Source Files */ = {
			isa = PBXGroup;
			children = (
				DE440BBBA0C24E3BAFA55A74 /* /Users/neviohirani/Developer/Projects/SLLibaries/SFFileManagementKit/Sources/_SFUtils/CMakeFiles/3.29.3/CompilerIdCXX/CMakeCXXCompilerId.cpp */,
				C805B9A4D74745F1BEC1A129 /* /Users/neviohirani/Developer/Projects/SLLibaries/SFFileManagementKit/Sources/_SFUtils/SFCxxBase64.cpp */,
				138EF2152083442085CEBA65 /* /Users/neviohirani/Developer/Projects/SLLibaries/SFFileManagementKit/Sources/_SFUtils/SFCxxJSON.cpp */,
			);
			name = "Source Files";
			sourceTree = "<group>";
		};
		76AF54872772419CA4BF6428 /* Header Files */ = {
			isa = PBXGroup;
			children = (
				A9F37AEB093B45EF9E29F972 /* /Users/neviohirani/Developer/Projects/SLLibaries/SFFileManagementKit/Sources/_SFUtils/include/SFCxxBase64.h */,
				AF936D241D874004A422EED7 /* /Users/neviohirani/Developer/Projects/SLLibaries/SFFileManagementKit/Sources/_SFUtils/include/SFCxxJSON.h */,
				3E34E5F940B74763931BE7D9 /* /Users/neviohirani/Developer/Projects/SLLibaries/SFFileManagementKit/Sources/_SFUtils/include/SFCxxLogger.h */,
			);
			name = "Header Files";
			sourceTree = "<group>";
		};
		7C71A72104324674AD8C8D6E /* SFUtils */ = {
			isa = PBXGroup;
			children = (
				39547757A5B346E0B7A28538 /* Source Files */,
				76AF54872772419CA4BF6428 /* Header Files */,
				E75B97D85C54402F8393D6B1 /* /Users/neviohirani/Developer/Projects/SLLibaries/SFFileManagementKit/Sources/_SFUtils/CMakeLists.txt */,
			);
			name = SFUtils;
			sourceTree = "<group>";
		};
		D4296D669D6C4C7C930A168C /* Frameworks */ = {
			isa = PBXGroup;
			children = (
			);
			name = Frameworks;
			sourceTree = "<group>";
		};
		E7A8F268F26A42C5A9A89A49 /* Products */ = {
			isa = PBXGroup;
			children = (
				ECBFF23AE3C247BC856512B2 /* SFUtils */,
			);
			name = Products;
			sourceTree = "<group>";
		};
/* End PBXGroup section */

/* Begin PBXNativeTarget section */
		B666F41FBAF1492FA68DD733 /* SFUtils */ = {
			isa = PBXNativeTarget;
			buildConfigurationList = 8A20C73CD9CB4890B53C65C2 /* Build configuration list for PBXNativeTarget "SFUtils" */;
			buildPhases = (
				214B08AFC7B64F90BB1C0281 /* Sources */,
				9C8C8A2A6CC54C35B9F1816E /* Frameworks */,
			);
			buildRules = (
			);
			dependencies = (
				63A12ED929E044289561FE90 /* PBXTargetDependency */,
			);
			name = SFUtils;
			productName = SFUtils;
			productReference = ECBFF23AE3C247BC856512B2 /* SFUtils */;
			productType = "com.apple.product-type.library.static";
		};
/* End PBXNativeTarget section */

/* Begin PBXProject section */
		6F7B7C88E90E4348B6484693 /* Project object */ = {
			isa = PBXProject;
			attributes = {
				BuildIndependentTargetsInParallel = YES;
				LastUpgradeCheck = 1600;
			};
			buildConfigurationList = A5EF30865861497F98641653 /* Build configuration list for PBXProject "Project" */;
			buildSettings = {
			};
			buildStyles = (
				4E04E6A1D6664AD4A69230E4 /* Debug */,
				5EB8A6D3B16A4983A512D54D /* Release */,
				2FBFDF4C1B304C749EB16E5E /* MinSizeRel */,
				B2BB23CB54CD45C1AD58D921 /* RelWithDebInfo */,
			);
			compatibilityVersion = "Xcode 3.2";
			hasScannedForEncodings = 0;
			mainGroup = 330EF019941A422E84D62970;
			projectDirPath = .;
			projectRoot = "";
			targets = (
				BD3471C208124358825B5C8D /* ALL_BUILD */,
				B666F41FBAF1492FA68DD733 /* SFUtils */,
				F5F656C157214351BC65A7B0 /* ZERO_CHECK */,
			);
		};
/* End PBXProject section */

/* Begin PBXShellScriptBuildPhase section */
		2C96021F91447E838BB7CF21 /* Generate CMakeFiles/ALL_BUILD */ = {
			isa = PBXShellScriptBuildPhase;
			alwaysOutOfDate = 1;
			buildActionMask = 2147483647;
			files = (
			);
			inputPaths = (
			);
			name = "Generate CMakeFiles/ALL_BUILD";
			outputPaths = (
/Users/neviohirani/Developer/Projects/SLLibaries/SFFileManagementKit/Sources/_SFUtils/CMakeFiles/ALL_BUILD			);
			runOnlyForDeploymentPostprocessing = 0;
			shellPath = /bin/sh;
			shellScript = "set -e
if test \"$CONFIGURATION\" = \"Debug\"; then :
  cd /Users/neviohirani/Developer/Projects/SLLibaries/SFFileManagementKit/Sources/_SFUtils
  echo Build\\ all\\ projects
fi
if test \"$CONFIGURATION\" = \"Release\"; then :
  cd /Users/neviohirani/Developer/Projects/SLLibaries/SFFileManagementKit/Sources/_SFUtils
  echo Build\\ all\\ projects
fi
if test \"$CONFIGURATION\" = \"MinSizeRel\"; then :
  cd /Users/neviohirani/Developer/Projects/SLLibaries/SFFileManagementKit/Sources/_SFUtils
  echo Build\\ all\\ projects
fi
if test \"$CONFIGURATION\" = \"RelWithDebInfo\"; then :
  cd /Users/neviohirani/Developer/Projects/SLLibaries/SFFileManagementKit/Sources/_SFUtils
  echo Build\\ all\\ projects
fi
";
			showEnvVarsInLog = 0;
		};
		3C0110FC8322DE7E50886E21 = {
			isa = PBXShellScriptBuildPhase;
			buildActionMask = 2147483647;
			files = (
			);
			inputPaths = (
			);
			outputPaths = (
			);
			runOnlyForDeploymentPostprocessing = 0;
			shellPath = /bin/sh;
			shellScript = "# shell script goes here
exit 0";
			showEnvVarsInLog = 0;
		};
		5947C08A9644C867EC0B04A1 /* Generate CMakeFiles/ZERO_CHECK */ = {
			isa = PBXShellScriptBuildPhase;
			alwaysOutOfDate = 1;
			buildActionMask = 2147483647;
			files = (
			);
			inputPaths = (
			);
			name = "Generate CMakeFiles/ZERO_CHECK";
			outputPaths = (
/Users/neviohirani/Developer/Projects/SLLibaries/SFFileManagementKit/Sources/_SFUtils/CMakeFiles/ZERO_CHECK			);
			runOnlyForDeploymentPostprocessing = 0;
			shellPath = /bin/sh;
			shellScript = "set -e
if test \"$CONFIGURATION\" = \"Debug\"; then :
  cd /Users/neviohirani/Developer/Projects/SLLibaries/SFFileManagementKit/Sources/_SFUtils
  make -f /Users/neviohirani/Developer/Projects/SLLibaries/SFFileManagementKit/Sources/_SFUtils/CMakeScripts/ReRunCMake.make
fi
if test \"$CONFIGURATION\" = \"Release\"; then :
  cd /Users/neviohirani/Developer/Projects/SLLibaries/SFFileManagementKit/Sources/_SFUtils
  make -f /Users/neviohirani/Developer/Projects/SLLibaries/SFFileManagementKit/Sources/_SFUtils/CMakeScripts/ReRunCMake.make
fi
if test \"$CONFIGURATION\" = \"MinSizeRel\"; then :
  cd /Users/neviohirani/Developer/Projects/SLLibaries/SFFileManagementKit/Sources/_SFUtils
  make -f /Users/neviohirani/Developer/Projects/SLLibaries/SFFileManagementKit/Sources/_SFUtils/CMakeScripts/ReRunCMake.make
fi
if test \"$CONFIGURATION\" = \"RelWithDebInfo\"; then :
  cd /Users/neviohirani/Developer/Projects/SLLibaries/SFFileManagementKit/Sources/_SFUtils
  make -f /Users/neviohirani/Developer/Projects/SLLibaries/SFFileManagementKit/Sources/_SFUtils/CMakeScripts/ReRunCMake.make
fi
";
			showEnvVarsInLog = 0;
		};
		9B50530E35CC49C82C2FACCF = {
			isa = PBXShellScriptBuildPhase;
			buildActionMask = 2147483647;
			files = (
			);
			inputPaths = (
			);
			outputPaths = (
			);
			runOnlyForDeploymentPostprocessing = 0;
			shellPath = /bin/sh;
			shellScript = "# shell script goes here
exit 0";
			showEnvVarsInLog = 0;
		};
/* End PBXShellScriptBuildPhase section */

/* Begin PBXSourcesBuildPhase section */
		214B08AFC7B64F90BB1C0281 /* Sources */ = {
			isa = PBXSourcesBuildPhase;
			buildActionMask = 2147483647;
			files = (
				0DAEBB99947A4A819D1CAD30 /* /Users/neviohirani/Developer/Projects/SLLibaries/SFFileManagementKit/Sources/_SFUtils/CMakeFiles/3.29.3/CompilerIdCXX/CMakeCXXCompilerId.cpp */,
				CF7F296862B846BBA1A4A1A8 /* /Users/neviohirani/Developer/Projects/SLLibaries/SFFileManagementKit/Sources/_SFUtils/SFCxxBase64.cpp */,
				116DA36ED1144C58BFFB499C /* /Users/neviohirani/Developer/Projects/SLLibaries/SFFileManagementKit/Sources/_SFUtils/SFCxxJSON.cpp */,
			);
			runOnlyForDeploymentPostprocessing = 0;
		};
/* End PBXSourcesBuildPhase section */

/* Begin PBXTargetDependency section */
		325AD309A5A9442F9529210F /* PBXTargetDependency */ = {
			isa = PBXTargetDependency;
			target = F5F656C157214351BC65A7B0 /* ZERO_CHECK */;
			targetProxy = 05DF252C58A1475A9C580AE7 /* PBXContainerItemProxy */;
		};
		63A12ED929E044289561FE90 /* PBXTargetDependency */ = {
			isa = PBXTargetDependency;
			target = F5F656C157214351BC65A7B0 /* ZERO_CHECK */;
			targetProxy = 45165091F9BB47F39BBDCDED /* PBXContainerItemProxy */;
		};
		FF11CDB41C1E43738F8D190C /* PBXTargetDependency */ = {
			isa = PBXTargetDependency;
			target = B666F41FBAF1492FA68DD733 /* SFUtils */;
			targetProxy = 31D9C0BC3FC24AD2BF45CD84 /* PBXContainerItemProxy */;
		};
/* End PBXTargetDependency section */

/* Begin XCBuildConfiguration section */
		05B3D34F189240CFBB4693A1 /* Release */ = {
			isa = XCBuildConfiguration;
			buildSettings = {
				ALWAYS_SEARCH_USER_PATHS = NO;
				ARCHS = arm64;
				COMBINE_HIDPI_IMAGES = YES;
				CONFIGURATION_BUILD_DIR = /Users/neviohirani/Developer/Projects/SLLibaries/SFFileManagementKit/Sources/_SFUtils/Release;
				EXECUTABLE_PREFIX = lib;
				EXECUTABLE_SUFFIX = .a;
				GCC_GENERATE_DEBUGGING_SYMBOLS = NO;
				GCC_INLINES_ARE_PRIVATE_EXTERN = NO;
				GCC_OPTIMIZATION_LEVEL = 3;
				GCC_PREPROCESSOR_DEFINITIONS = ("'CMAKE_INTDIR=\"$(CONFIGURATION)$(EFFECTIVE_PLATFORM_NAME)\"'","$(inherited)");
				GCC_SYMBOLS_PRIVATE_EXTERN = NO;
				HEADER_SEARCH_PATHS = (/Users/neviohirani/Developer/Projects/SLLibaries/SFFileManagementKit/Sources/_SFUtils/include,"$(inherited)");
				INSTALL_PATH = "";
				LIBRARY_STYLE = STATIC;
				ONLY_ACTIVE_ARCH = NO;
				OTHER_CPLUSPLUSFLAGS = "    -DNDEBUG ";
				OTHER_LIBTOOLFLAGS = ("");
				OTHER_REZFLAGS = "";
				PRODUCT_NAME = SFUtils;
				SECTORDER_FLAGS = "";
				TARGET_TEMP_DIR = "/Users/neviohirani/Developer/Projects/SLLibaries/SFFileManagementKit/Sources/_SFUtils/build/SFUtils.build/$(CONFIGURATION)$(EFFECTIVE_PLATFORM_NAME)";
				USE_HEADERMAP = NO;
				WARNING_CFLAGS = ("$(inherited)");
			};
			name = Release;
		};
		07DA8D17697D42709ABB797E /* Debug */ = {
			isa = XCBuildConfiguration;
			buildSettings = {
				ALWAYS_SEARCH_USER_PATHS = NO;
				ARCHS = arm64;
				COMBINE_HIDPI_IMAGES = YES;
				CONFIGURATION_BUILD_DIR = /Users/neviohirani/Developer/Projects/SLLibaries/SFFileManagementKit/Sources/_SFUtils/Debug;
				EXECUTABLE_PREFIX = lib;
				EXECUTABLE_SUFFIX = .a;
				GCC_GENERATE_DEBUGGING_SYMBOLS = YES;
				GCC_INLINES_ARE_PRIVATE_EXTERN = NO;
				GCC_OPTIMIZATION_LEVEL = 0;
				GCC_PREPROCESSOR_DEFINITIONS = ("'CMAKE_INTDIR=\"$(CONFIGURATION)$(EFFECTIVE_PLATFORM_NAME)\"'","$(inherited)");
				GCC_SYMBOLS_PRIVATE_EXTERN = NO;
				HEADER_SEARCH_PATHS = (/Users/neviohirani/Developer/Projects/SLLibaries/SFFileManagementKit/Sources/_SFUtils/include,"$(inherited)");
				INSTALL_PATH = "";
				LIBRARY_STYLE = STATIC;
				ONLY_ACTIVE_ARCH = NO;
				OTHER_CPLUSPLUSFLAGS = "   ";
				OTHER_LIBTOOLFLAGS = ("");
				OTHER_REZFLAGS = "";
				PRODUCT_NAME = SFUtils;
				SECTORDER_FLAGS = "";
				TARGET_TEMP_DIR = "/Users/neviohirani/Developer/Projects/SLLibaries/SFFileManagementKit/Sources/_SFUtils/build/SFUtils.build/$(CONFIGURATION)$(EFFECTIVE_PLATFORM_NAME)";
				USE_HEADERMAP = NO;
				WARNING_CFLAGS = ("$(inherited)");
			};
			name = Debug;
		};
		09AE44D668DE496AB2DE3877 /* Debug */ = {
			isa = XCBuildConfiguration;
			buildSettings = {
				ALWAYS_SEARCH_USER_PATHS = NO;
				ARCHS = arm64;
				COMBINE_HIDPI_IMAGES = YES;
				GCC_GENERATE_DEBUGGING_SYMBOLS = YES;
				GCC_INLINES_ARE_PRIVATE_EXTERN = NO;
				GCC_OPTIMIZATION_LEVEL = 0;
				GCC_PREPROCESSOR_DEFINITIONS = ("'CMAKE_INTDIR=\"$(CONFIGURATION)$(EFFECTIVE_PLATFORM_NAME)\"'","$(inherited)");
				GCC_SYMBOLS_PRIVATE_EXTERN = NO;
				INSTALL_PATH = "";
				ONLY_ACTIVE_ARCH = NO;
				OTHER_LDFLAGS = ("","$(inherited)");
				OTHER_REZFLAGS = "";
				PRODUCT_NAME = ZERO_CHECK;
				SECTORDER_FLAGS = "";
				USE_HEADERMAP = NO;
				WARNING_CFLAGS = ("$(inherited)");
			};
			name = Debug;
		};
		10C1E3BFD648455883C30B7D /* RelWithDebInfo */ = {
			isa = XCBuildConfiguration;
			buildSettings = {
				ALWAYS_SEARCH_USER_PATHS = NO;
				ARCHS = arm64;
				COMBINE_HIDPI_IMAGES = YES;
				CONFIGURATION_BUILD_DIR = /Users/neviohirani/Developer/Projects/SLLibaries/SFFileManagementKit/Sources/_SFUtils/RelWithDebInfo;
				EXECUTABLE_PREFIX = lib;
				EXECUTABLE_SUFFIX = .a;
				GCC_GENERATE_DEBUGGING_SYMBOLS = YES;
				GCC_INLINES_ARE_PRIVATE_EXTERN = NO;
				GCC_OPTIMIZATION_LEVEL = 2;
				GCC_PREPROCESSOR_DEFINITIONS = ("'CMAKE_INTDIR=\"$(CONFIGURATION)$(EFFECTIVE_PLATFORM_NAME)\"'","$(inherited)");
				GCC_SYMBOLS_PRIVATE_EXTERN = NO;
				HEADER_SEARCH_PATHS = (/Users/neviohirani/Developer/Projects/SLLibaries/SFFileManagementKit/Sources/_SFUtils/include,"$(inherited)");
				INSTALL_PATH = "";
				LIBRARY_STYLE = STATIC;
				ONLY_ACTIVE_ARCH = NO;
				OTHER_CPLUSPLUSFLAGS = "       -DNDEBUG ";
				OTHER_LIBTOOLFLAGS = ("");
				OTHER_REZFLAGS = "";
				PRODUCT_NAME = SFUtils;
				SECTORDER_FLAGS = "";
				TARGET_TEMP_DIR = "/Users/neviohirani/Developer/Projects/SLLibaries/SFFileManagementKit/Sources/_SFUtils/build/SFUtils.build/$(CONFIGURATION)$(EFFECTIVE_PLATFORM_NAME)";
				USE_HEADERMAP = NO;
				WARNING_CFLAGS = ("$(inherited)");
			};
			name = RelWithDebInfo;
		};
		5BA75C7BC1374EFEB5075EB7 /* MinSizeRel */ = {
			isa = XCBuildConfiguration;
			buildSettings = {
				ALWAYS_SEARCH_USER_PATHS = NO;
				ARCHS = arm64;
				COMBINE_HIDPI_IMAGES = YES;
				CONFIGURATION_BUILD_DIR = /Users/neviohirani/Developer/Projects/SLLibaries/SFFileManagementKit/Sources/_SFUtils/MinSizeRel;
				EXECUTABLE_PREFIX = lib;
				EXECUTABLE_SUFFIX = .a;
				GCC_GENERATE_DEBUGGING_SYMBOLS = NO;
				GCC_INLINES_ARE_PRIVATE_EXTERN = NO;
				GCC_OPTIMIZATION_LEVEL = s;
				GCC_PREPROCESSOR_DEFINITIONS = ("'CMAKE_INTDIR=\"$(CONFIGURATION)$(EFFECTIVE_PLATFORM_NAME)\"'","$(inherited)");
				GCC_SYMBOLS_PRIVATE_EXTERN = NO;
				HEADER_SEARCH_PATHS = (/Users/neviohirani/Developer/Projects/SLLibaries/SFFileManagementKit/Sources/_SFUtils/include,"$(inherited)");
				INSTALL_PATH = "";
				LIBRARY_STYLE = STATIC;
				ONLY_ACTIVE_ARCH = NO;
				OTHER_CPLUSPLUSFLAGS = "    -DNDEBUG ";
				OTHER_LIBTOOLFLAGS = ("");
				OTHER_REZFLAGS = "";
				PRODUCT_NAME = SFUtils;
				SECTORDER_FLAGS = "";
				TARGET_TEMP_DIR = "/Users/neviohirani/Developer/Projects/SLLibaries/SFFileManagementKit/Sources/_SFUtils/build/SFUtils.build/$(CONFIGURATION)$(EFFECTIVE_PLATFORM_NAME)";
				USE_HEADERMAP = NO;
				WARNING_CFLAGS = ("$(inherited)");
			};
			name = MinSizeRel;
		};
		611322C428A44590A10E62C7 /* Release */ = {
			isa = XCBuildConfiguration;
			buildSettings = {
				ARCHS = arm64;
				MACOSX_DEPLOYMENT_TARGET = 14.5;
				SDKROOT = "/Applications/Xcode-beta.app/Contents/Developer/Platforms/MacOSX.platform/Developer/SDKs/MacOSX15.0.sdk";
				SWIFT_COMPILATION_MODE = wholemodule;
				SYMROOT = /Users/neviohirani/Developer/Projects/SLLibaries/SFFileManagementKit/Sources/_SFUtils/build;
			};
			name = Release;
		};
		6580F9C96FB7419682A2A04D /* Release */ = {
			isa = XCBuildConfiguration;
			buildSettings = {
				ALWAYS_SEARCH_USER_PATHS = NO;
				ARCHS = arm64;
				COMBINE_HIDPI_IMAGES = YES;
				GCC_GENERATE_DEBUGGING_SYMBOLS = YES;
				GCC_INLINES_ARE_PRIVATE_EXTERN = NO;
				GCC_OPTIMIZATION_LEVEL = 0;
				GCC_PREPROCESSOR_DEFINITIONS = ("'CMAKE_INTDIR=\"$(CONFIGURATION)$(EFFECTIVE_PLATFORM_NAME)\"'","$(inherited)");
				GCC_SYMBOLS_PRIVATE_EXTERN = NO;
				INSTALL_PATH = "";
				ONLY_ACTIVE_ARCH = NO;
				OTHER_LDFLAGS = ("","$(inherited)");
				OTHER_REZFLAGS = "";
				PRODUCT_NAME = ALL_BUILD;
				SECTORDER_FLAGS = "";
				USE_HEADERMAP = NO;
				WARNING_CFLAGS = ("$(inherited)");
			};
			name = Release;
		};
		8D2A906B54BE4C348BFF2FD2 /* RelWithDebInfo */ = {
			isa = XCBuildConfiguration;
			buildSettings = {
				ALWAYS_SEARCH_USER_PATHS = NO;
				ARCHS = arm64;
				COMBINE_HIDPI_IMAGES = YES;
				GCC_GENERATE_DEBUGGING_SYMBOLS = YES;
				GCC_INLINES_ARE_PRIVATE_EXTERN = NO;
				GCC_OPTIMIZATION_LEVEL = 0;
				GCC_PREPROCESSOR_DEFINITIONS = ("'CMAKE_INTDIR=\"$(CONFIGURATION)$(EFFECTIVE_PLATFORM_NAME)\"'","$(inherited)");
				GCC_SYMBOLS_PRIVATE_EXTERN = NO;
				INSTALL_PATH = "";
				ONLY_ACTIVE_ARCH = NO;
				OTHER_LDFLAGS = ("","$(inherited)");
				OTHER_REZFLAGS = "";
				PRODUCT_NAME = ALL_BUILD;
				SECTORDER_FLAGS = "";
				USE_HEADERMAP = NO;
				WARNING_CFLAGS = ("$(inherited)");
			};
			name = RelWithDebInfo;
		};
		9ED19B0991004446AB829AC3 /* MinSizeRel */ = {
			isa = XCBuildConfiguration;
			buildSettings = {
				ALWAYS_SEARCH_USER_PATHS = NO;
				ARCHS = arm64;
				COMBINE_HIDPI_IMAGES = YES;
				GCC_GENERATE_DEBUGGING_SYMBOLS = YES;
				GCC_INLINES_ARE_PRIVATE_EXTERN = NO;
				GCC_OPTIMIZATION_LEVEL = 0;
				GCC_PREPROCESSOR_DEFINITIONS = ("'CMAKE_INTDIR=\"$(CONFIGURATION)$(EFFECTIVE_PLATFORM_NAME)\"'","$(inherited)");
				GCC_SYMBOLS_PRIVATE_EXTERN = NO;
				INSTALL_PATH = "";
				ONLY_ACTIVE_ARCH = NO;
				OTHER_LDFLAGS = ("","$(inherited)");
				OTHER_REZFLAGS = "";
				PRODUCT_NAME = ZERO_CHECK;
				SECTORDER_FLAGS = "";
				USE_HEADERMAP = NO;
				WARNING_CFLAGS = ("$(inherited)");
			};
			name = MinSizeRel;
		};
		BA6EF73C995348F2BB90919B /* RelWithDebInfo */ = {
			isa = XCBuildConfiguration;
			buildSettings = {
				ARCHS = arm64;
				MACOSX_DEPLOYMENT_TARGET = 14.5;
				SDKROOT = "/Applications/Xcode-beta.app/Contents/Developer/Platforms/MacOSX.platform/Developer/SDKs/MacOSX15.0.sdk";
				SWIFT_COMPILATION_MODE = wholemodule;
				SYMROOT = /Users/neviohirani/Developer/Projects/SLLibaries/SFFileManagementKit/Sources/_SFUtils/build;
			};
			name = RelWithDebInfo;
		};
		C7C3E99CE57041A598C1746F /* MinSizeRel */ = {
			isa = XCBuildConfiguration;
			buildSettings = {
				ARCHS = arm64;
				MACOSX_DEPLOYMENT_TARGET = 14.5;
				SDKROOT = "/Applications/Xcode-beta.app/Contents/Developer/Platforms/MacOSX.platform/Developer/SDKs/MacOSX15.0.sdk";
				SWIFT_COMPILATION_MODE = wholemodule;
				SYMROOT = /Users/neviohirani/Developer/Projects/SLLibaries/SFFileManagementKit/Sources/_SFUtils/build;
			};
			name = MinSizeRel;
		};
		D351BEECD0E04AF5ABF38298 /* Release */ = {
			isa = XCBuildConfiguration;
			buildSettings = {
				ALWAYS_SEARCH_USER_PATHS = NO;
				ARCHS = arm64;
				COMBINE_HIDPI_IMAGES = YES;
				GCC_GENERATE_DEBUGGING_SYMBOLS = YES;
				GCC_INLINES_ARE_PRIVATE_EXTERN = NO;
				GCC_OPTIMIZATION_LEVEL = 0;
				GCC_PREPROCESSOR_DEFINITIONS = ("'CMAKE_INTDIR=\"$(CONFIGURATION)$(EFFECTIVE_PLATFORM_NAME)\"'","$(inherited)");
				GCC_SYMBOLS_PRIVATE_EXTERN = NO;
				INSTALL_PATH = "";
				ONLY_ACTIVE_ARCH = NO;
				OTHER_LDFLAGS = ("","$(inherited)");
				OTHER_REZFLAGS = "";
				PRODUCT_NAME = ZERO_CHECK;
				SECTORDER_FLAGS = "";
				USE_HEADERMAP = NO;
				WARNING_CFLAGS = ("$(inherited)");
			};
			name = Release;
		};
		D8F34811FB284C9599F25D59 /* RelWithDebInfo */ = {
			isa = XCBuildConfiguration;
			buildSettings = {
				ALWAYS_SEARCH_USER_PATHS = NO;
				ARCHS = arm64;
				COMBINE_HIDPI_IMAGES = YES;
				GCC_GENERATE_DEBUGGING_SYMBOLS = YES;
				GCC_INLINES_ARE_PRIVATE_EXTERN = NO;
				GCC_OPTIMIZATION_LEVEL = 0;
				GCC_PREPROCESSOR_DEFINITIONS = ("'CMAKE_INTDIR=\"$(CONFIGURATION)$(EFFECTIVE_PLATFORM_NAME)\"'","$(inherited)");
				GCC_SYMBOLS_PRIVATE_EXTERN = NO;
				INSTALL_PATH = "";
				ONLY_ACTIVE_ARCH = NO;
				OTHER_LDFLAGS = ("","$(inherited)");
				OTHER_REZFLAGS = "";
				PRODUCT_NAME = ZERO_CHECK;
				SECTORDER_FLAGS = "";
				USE_HEADERMAP = NO;
				WARNING_CFLAGS = ("$(inherited)");
			};
			name = RelWithDebInfo;
		};
		D961B491351E4185A359D630 /* Debug */ = {
			isa = XCBuildConfiguration;
			buildSettings = {
				ARCHS = arm64;
				MACOSX_DEPLOYMENT_TARGET = 14.5;
				SDKROOT = "/Applications/Xcode-beta.app/Contents/Developer/Platforms/MacOSX.platform/Developer/SDKs/MacOSX15.0.sdk";
				SYMROOT = /Users/neviohirani/Developer/Projects/SLLibaries/SFFileManagementKit/Sources/_SFUtils/build;
			};
			name = Debug;
		};
		E8A110B0CEE943DC8F5FC181 /* Debug */ = {
			isa = XCBuildConfiguration;
			buildSettings = {
				ALWAYS_SEARCH_USER_PATHS = NO;
				ARCHS = arm64;
				COMBINE_HIDPI_IMAGES = YES;
				GCC_GENERATE_DEBUGGING_SYMBOLS = YES;
				GCC_INLINES_ARE_PRIVATE_EXTERN = NO;
				GCC_OPTIMIZATION_LEVEL = 0;
				GCC_PREPROCESSOR_DEFINITIONS = ("'CMAKE_INTDIR=\"$(CONFIGURATION)$(EFFECTIVE_PLATFORM_NAME)\"'","$(inherited)");
				GCC_SYMBOLS_PRIVATE_EXTERN = NO;
				INSTALL_PATH = "";
				ONLY_ACTIVE_ARCH = NO;
				OTHER_LDFLAGS = ("","$(inherited)");
				OTHER_REZFLAGS = "";
				PRODUCT_NAME = ALL_BUILD;
				SECTORDER_FLAGS = "";
				USE_HEADERMAP = NO;
				WARNING_CFLAGS = ("$(inherited)");
			};
			name = Debug;
		};
		F035BB912EC04B2797A06CA9 /* MinSizeRel */ = {
			isa = XCBuildConfiguration;
			buildSettings = {
				ALWAYS_SEARCH_USER_PATHS = NO;
				ARCHS = arm64;
				COMBINE_HIDPI_IMAGES = YES;
				GCC_GENERATE_DEBUGGING_SYMBOLS = YES;
				GCC_INLINES_ARE_PRIVATE_EXTERN = NO;
				GCC_OPTIMIZATION_LEVEL = 0;
				GCC_PREPROCESSOR_DEFINITIONS = ("'CMAKE_INTDIR=\"$(CONFIGURATION)$(EFFECTIVE_PLATFORM_NAME)\"'","$(inherited)");
				GCC_SYMBOLS_PRIVATE_EXTERN = NO;
				INSTALL_PATH = "";
				ONLY_ACTIVE_ARCH = NO;
				OTHER_LDFLAGS = ("","$(inherited)");
				OTHER_REZFLAGS = "";
				PRODUCT_NAME = ALL_BUILD;
				SECTORDER_FLAGS = "";
				USE_HEADERMAP = NO;
				WARNING_CFLAGS = ("$(inherited)");
			};
			name = MinSizeRel;
		};
/* End XCBuildConfiguration section */

/* Begin XCConfigurationList section */
		65FEE9892CCA44129FA88301 /* Build configuration list for PBXAggregateTarget "ZERO_CHECK" */ = {
			isa = XCConfigurationList;
			buildConfigurations = (
				09AE44D668DE496AB2DE3877 /* Debug */,
				D351BEECD0E04AF5ABF38298 /* Release */,
				9ED19B0991004446AB829AC3 /* MinSizeRel */,
				D8F34811FB284C9599F25D59 /* RelWithDebInfo */,
			);
			defaultConfigurationIsVisible = 0;
			defaultConfigurationName = Debug;
		};
		8A20C73CD9CB4890B53C65C2 /* Build configuration list for PBXNativeTarget "SFUtils" */ = {
			isa = XCConfigurationList;
			buildConfigurations = (
				07DA8D17697D42709ABB797E /* Debug */,
				05B3D34F189240CFBB4693A1 /* Release */,
				5BA75C7BC1374EFEB5075EB7 /* MinSizeRel */,
				10C1E3BFD648455883C30B7D /* RelWithDebInfo */,
			);
			defaultConfigurationIsVisible = 0;
			defaultConfigurationName = Debug;
		};
		9DF4FA575BFA49B8B57E7852 /* Build configuration list for PBXAggregateTarget "ALL_BUILD" */ = {
			isa = XCConfigurationList;
			buildConfigurations = (
				E8A110B0CEE943DC8F5FC181 /* Debug */,
				6580F9C96FB7419682A2A04D /* Release */,
				F035BB912EC04B2797A06CA9 /* MinSizeRel */,
				8D2A906B54BE4C348BFF2FD2 /* RelWithDebInfo */,
			);
			defaultConfigurationIsVisible = 0;
			defaultConfigurationName = Debug;
		};
		A5EF30865861497F98641653 /* Build configuration list for PBXProject "Project" */ = {
			isa = XCConfigurationList;
			buildConfigurations = (
				D961B491351E4185A359D630 /* Debug */,
				611322C428A44590A10E62C7 /* Release */,
				C7C3E99CE57041A598C1746F /* MinSizeRel */,
				BA6EF73C995348F2BB90919B /* RelWithDebInfo */,
			);
			defaultConfigurationIsVisible = 0;
			defaultConfigurationName = Debug;
		};
/* End XCConfigurationList section */
	};
	rootObject = 6F7B7C88E90E4348B6484693 /* Project object */;
}
